
Microsoft Visual Studio Solution File, Format Version 12.00
# Visual Studio Version 16
VisualStudioVersion = 16.0.31613.86
MinimumVisualStudioVersion = 10.0.40219.1
Project("{9A19103F-16F7-4668-BE54-9A1E7A4F7556}") = "AngularAPI", "AngularAPI.csproj", "{BEC6C867-67D5-4442-A705-4EE8CD62E27C}"
EndProject
Global
	GlobalSection(SolutionConfigurationPlatforms) = preSolution
		Debug|Any CPU = Debug|Any CPU
		Release|Any CPU = Release|Any CPU
	EndGlobalSection
	GlobalSection(ProjectConfigurationPlatforms) = postSolution
		{BEC6C867-67D5-4442-A705-4EE8CD62E27C}.Debug|Any CPU.ActiveCfg = Debug|Any CPU
		{BEC6C867-67D5-4442-A705-4EE8CD62E27C}.Debug|Any CPU.Build.0 = Debug|Any CPU
		{BEC6C867-67D5-4442-A705-4EE8CD62E27C}.Release|Any CPU.ActiveCfg = Release|Any CPU
		{BEC6C867-67D5-4442-A705-4EE8CD62E27C}.Release|Any CPU.Build.0 = Release|Any CPU
	EndGlobalSection
	GlobalSection(SolutionProperties) = preSolution
		HideSolutionNode = FALSE
	EndGlobalSection
	GlobalSection(ExtensibilityGlobals) = postSolution
		SolutionGuid = {2625E080-5A51-4605-BAE9-A3033E5F51CD}
	EndGlobalSection
EndGlobal
